
Microsoft Visual Studio Solution File, Format Version 12.00
# Visual Studio Version 16
VisualStudioVersion = 16.0.29911.84
MinimumVisualStudioVersion = 15.0.26124.0
Project("{FAE04EC0-301F-11D3-BF4B-00C04F79EFBC}") = "WanaKana", "src\WanaKana\WanaKana.csproj", "{42FAA31F-19AE-4B91-B7EB-72CD95CEAFB6}"
EndProject
Project("{FAE04EC0-301F-11D3-BF4B-00C04F79EFBC}") = "WanaKana.Tests", "tests\WanaKana.Tests\WanaKana.Tests.csproj", "{C5902185-9F27-4170-8A7A-6532327A3959}"
EndProject
Global
	GlobalSection(SolutionConfigurationPlatforms) = preSolution
		Debug|Any CPU = Debug|Any CPU
		Debug|x64 = Debug|x64
		Debug|x86 = Debug|x86
		Release|Any CPU = Release|Any CPU
		Release|x64 = Release|x64
		Release|x86 = Release|x86
	EndGlobalSection
	GlobalSection(ProjectConfigurationPlatforms) = postSolution
		{42FAA31F-19AE-4B91-B7EB-72CD95CEAFB6}.Debug|Any CPU.ActiveCfg = Debug|Any CPU
		{42FAA31F-19AE-4B91-B7EB-72CD95CEAFB6}.Debug|Any CPU.Build.0 = Debug|Any CPU
		{42FAA31F-19AE-4B91-B7EB-72CD95CEAFB6}.Debug|x64.ActiveCfg = Debug|Any CPU
		{42FAA31F-19AE-4B91-B7EB-72CD95CEAFB6}.Debug|x64.Build.0 = Debug|Any CPU
		{42FAA31F-19AE-4B91-B7EB-72CD95CEAFB6}.Debug|x86.ActiveCfg = Debug|Any CPU
		{42FAA31F-19AE-4B91-B7EB-72CD95CEAFB6}.Debug|x86.Build.0 = Debug|Any CPU
		{42FAA31F-19AE-4B91-B7EB-72CD95CEAFB6}.Release|Any CPU.ActiveCfg = Release|Any CPU
		{42FAA31F-19AE-4B91-B7EB-72CD95CEAFB6}.Release|Any CPU.Build.0 = Release|Any CPU
		{42FAA31F-19AE-4B91-B7EB-72CD95CEAFB6}.Release|x64.ActiveCfg = Release|Any CPU
		{42FAA31F-19AE-4B91-B7EB-72CD95CEAFB6}.Release|x64.Build.0 = Release|Any CPU
		{42FAA31F-19AE-4B91-B7EB-72CD95CEAFB6}.Release|x86.ActiveCfg = Release|Any CPU
		{42FAA31F-19AE-4B91-B7EB-72CD95CEAFB6}.Release|x86.Build.0 = Release|Any CPU
		{C5902185-9F27-4170-8A7A-6532327A3959}.Debug|Any CPU.ActiveCfg = Debug|Any CPU
		{C5902185-9F27-4170-8A7A-6532327A3959}.Debug|Any CPU.Build.0 = Debug|Any CPU
		{C5902185-9F27-4170-8A7A-6532327A3959}.Debug|x64.ActiveCfg = Debug|Any CPU
		{C5902185-9F27-4170-8A7A-6532327A3959}.Debug|x64.Build.0 = Debug|Any CPU
		{C5902185-9F27-4170-8A7A-6532327A3959}.Debug|x86.ActiveCfg = Debug|Any CPU
		{C5902185-9F27-4170-8A7A-6532327A3959}.Debug|x86.Build.0 = Debug|Any CPU
		{C5902185-9F27-4170-8A7A-6532327A3959}.Release|Any CPU.ActiveCfg = Release|Any CPU
		{C5902185-9F27-4170-8A7A-6532327A3959}.Release|Any CPU.Build.0 = Release|Any CPU
		{C5902185-9F27-4170-8A7A-6532327A3959}.Release|x64.ActiveCfg = Release|Any CPU
		{C5902185-9F27-4170-8A7A-6532327A3959}.Release|x64.Build.0 = Release|Any CPU
		{C5902185-9F27-4170-8A7A-6532327A3959}.Release|x86.ActiveCfg = Release|Any CPU
		{C5902185-9F27-4170-8A7A-6532327A3959}.Release|x86.Build.0 = Release|Any CPU
	EndGlobalSection
	GlobalSection(SolutionProperties) = preSolution
		HideSolutionNode = FALSE
	EndGlobalSection
	GlobalSection(ExtensibilityGlobals) = postSolution
		SolutionGuid = {88C3EDE0-1E4A-4A4B-A951-B6A3E1DF6151}
	EndGlobalSection
EndGlobal
